// !$*UTF8*$!
{
	archiveVersion = 1;
	classes = {
	};
	objectVersion = 56;
	objects = {

/* Begin PBXBuildFile section */
		E03AB45829B4870700EC0101 /* MonthLabel.swift in Sources */ = {isa = PBXBuildFile; fileRef = E03AB45729B4870700EC0101 /* MonthLabel.swift */; };
		E03AB45B29B489C600EC0101 /* DateExtensions.swift in Sources */ = {isa = PBXBuildFile; fileRef = E03AB45A29B489C600EC0101 /* DateExtensions.swift */; };
		E03AB45D29B48AB800EC0101 /* CalendarModel.swift in Sources */ = {isa = PBXBuildFile; fileRef = E03AB45C29B48AB800EC0101 /* CalendarModel.swift */; };
		E03AB45F29B48CA200EC0101 /* DateModel.swift in Sources */ = {isa = PBXBuildFile; fileRef = E03AB45E29B48CA200EC0101 /* DateModel.swift */; };
		E03AB46129B4A30100EC0101 /* StringExtensions.swift in Sources */ = {isa = PBXBuildFile; fileRef = E03AB46029B4A30100EC0101 /* StringExtensions.swift */; };
		E05C2F2029A8C74400E8351F /* AppDelegate.swift in Sources */ = {isa = PBXBuildFile; fileRef = E05C2F1F29A8C74400E8351F /* AppDelegate.swift */; };
		E05C2F2229A8C74400E8351F /* SceneDelegate.swift in Sources */ = {isa = PBXBuildFile; fileRef = E05C2F2129A8C74400E8351F /* SceneDelegate.swift */; };
		E05C2F2429A8C74400E8351F /* ViewController.swift in Sources */ = {isa = PBXBuildFile; fileRef = E05C2F2329A8C74400E8351F /* ViewController.swift */; };
		E05C2F2929A8C74500E8351F /* Assets.xcassets in Resources */ = {isa = PBXBuildFile; fileRef = E05C2F2829A8C74500E8351F /* Assets.xcassets */; };
		E05C2F2C29A8C74500E8351F /* LaunchScreen.storyboard in Resources */ = {isa = PBXBuildFile; fileRef = E05C2F2A29A8C74500E8351F /* LaunchScreen.storyboard */; };
		E05C2F3929A8C98F00E8351F /* CalendarCollectionView.swift in Sources */ = {isa = PBXBuildFile; fileRef = E05C2F3829A8C98F00E8351F /* CalendarCollectionView.swift */; };
		E05C2F3C29A8CFE300E8351F /* CalendarCollectionViewCell.swift in Sources */ = {isa = PBXBuildFile; fileRef = E05C2F3B29A8CFE300E8351F /* CalendarCollectionViewCell.swift */; };
		E05C2F3E29A8EAD600E8351F /* MoveButton.swift in Sources */ = {isa = PBXBuildFile; fileRef = E05C2F3D29A8EAD600E8351F /* MoveButton.swift */; };
/* End PBXBuildFile section */

/* Begin PBXFileReference section */
		E03AB45729B4870700EC0101 /* MonthLabel.swift */ = {isa = PBXFileReference; lastKnownFileType = sourcecode.swift; path = MonthLabel.swift; sourceTree = "<group>"; };
		E03AB45A29B489C600EC0101 /* DateExtensions.swift */ = {isa = PBXFileReference; lastKnownFileType = sourcecode.swift; path = DateExtensions.swift; sourceTree = "<group>"; };
		E03AB45C29B48AB800EC0101 /* CalendarModel.swift */ = {isa = PBXFileReference; lastKnownFileType = sourcecode.swift; path = CalendarModel.swift; sourceTree = "<group>"; };
		E03AB45E29B48CA200EC0101 /* DateModel.swift */ = {isa = PBXFileReference; lastKnownFileType = sourcecode.swift; path = DateModel.swift; sourceTree = "<group>"; };
		E03AB46029B4A30100EC0101 /* StringExtensions.swift */ = {isa = PBXFileReference; lastKnownFileType = sourcecode.swift; path = StringExtensions.swift; sourceTree = "<group>"; };
		E05C2F1C29A8C74400E8351F /* WeekCalendar.app */ = {isa = PBXFileReference; explicitFileType = wrapper.application; includeInIndex = 0; path = WeekCalendar.app; sourceTree = BUILT_PRODUCTS_DIR; };
		E05C2F1F29A8C74400E8351F /* AppDelegate.swift */ = {isa = PBXFileReference; lastKnownFileType = sourcecode.swift; path = AppDelegate.swift; sourceTree = "<group>"; };
		E05C2F2129A8C74400E8351F /* SceneDelegate.swift */ = {isa = PBXFileReference; lastKnownFileType = sourcecode.swift; path = SceneDelegate.swift; sourceTree = "<group>"; };
		E05C2F2329A8C74400E8351F /* ViewController.swift */ = {isa = PBXFileReference; lastKnownFileType = sourcecode.swift; path = ViewController.swift; sourceTree = "<group>"; };
		E05C2F2829A8C74500E8351F /* Assets.xcassets */ = {isa = PBXFileReference; lastKnownFileType = folder.assetcatalog; path = Assets.xcassets; sourceTree = "<group>"; };
		E05C2F2B29A8C74500E8351F /* Base */ = {isa = PBXFileReference; lastKnownFileType = file.storyboard; name = Base; path = Base.lproj/LaunchScreen.storyboard; sourceTree = "<group>"; };
		E05C2F2D29A8C74500E8351F /* Info.plist */ = {isa = PBXFileReference; lastKnownFileType = text.plist.xml; path = Info.plist; sourceTree = "<group>"; };
		E05C2F3829A8C98F00E8351F /* CalendarCollectionView.swift */ = {isa = PBXFileReference; lastKnownFileType = sourcecode.swift; path = CalendarCollectionView.swift; sourceTree = "<group>"; };
		E05C2F3B29A8CFE300E8351F /* CalendarCollectionViewCell.swift */ = {isa = PBXFileReference; lastKnownFileType = sourcecode.swift; path = CalendarCollectionViewCell.swift; sourceTree = "<group>"; };
		E05C2F3D29A8EAD600E8351F /* MoveButton.swift */ = {isa = PBXFileReference; lastKnownFileType = sourcecode.swift; path = MoveButton.swift; sourceTree = "<group>"; };
/* End PBXFileReference section */

/* Begin PBXFrameworksBuildPhase section */
		E05C2F1929A8C74400E8351F /* Frameworks */ = {
			isa = PBXFrameworksBuildPhase;
			buildActionMask = 2147483647;
			files = (
			);
			runOnlyForDeploymentPostprocessing = 0;
		};
/* End PBXFrameworksBuildPhase section */

/* Begin PBXGroup section */
		E03AB45929B4899400EC0101 /* Extensions */ = {
			isa = PBXGroup;
			children = (
				E03AB45A29B489C600EC0101 /* DateExtensions.swift */,
				E03AB46029B4A30100EC0101 /* StringExtensions.swift */,
			);
			path = Extensions;
			sourceTree = "<group>";
		};
		E05C2F1329A8C74400E8351F = {
			isa = PBXGroup;
			children = (
				E05C2F1E29A8C74400E8351F /* WeekCalendar */,
				E05C2F1D29A8C74400E8351F /* Products */,
			);
			sourceTree = "<group>";
		};
		E05C2F1D29A8C74400E8351F /* Products */ = {
			isa = PBXGroup;
			children = (
				E05C2F1C29A8C74400E8351F /* WeekCalendar.app */,
			);
			name = Products;
			sourceTree = "<group>";
		};
		E05C2F1E29A8C74400E8351F /* WeekCalendar */ = {
			isa = PBXGroup;
			children = (
				E05C2F3329A8C8FB00E8351F /* Application */,
				E05C2F3429A8C90C00E8351F /* Models */,
				E05C2F3529A8C91E00E8351F /* Views */,
				E05C2F3629A8C92900E8351F /* Controllers */,
				E03AB45929B4899400EC0101 /* Extensions */,
				E05C2F3729A8C94800E8351F /* SupportingFiles */,
			);
			path = WeekCalendar;
			sourceTree = "<group>";
		};
		E05C2F3329A8C8FB00E8351F /* Application */ = {
			isa = PBXGroup;
			children = (
				E05C2F1F29A8C74400E8351F /* AppDelegate.swift */,
				E05C2F2129A8C74400E8351F /* SceneDelegate.swift */,
			);
			path = Application;
			sourceTree = "<group>";
		};
		E05C2F3429A8C90C00E8351F /* Models */ = {
			isa = PBXGroup;
			children = (
				E03AB45C29B48AB800EC0101 /* CalendarModel.swift */,
				E03AB45E29B48CA200EC0101 /* DateModel.swift */,
			);
			path = Models;
			sourceTree = "<group>";
		};
		E05C2F3529A8C91E00E8351F /* Views */ = {
			isa = PBXGroup;
			children = (
				E05C2F3A29A8CFC100E8351F /* Cell */,
				E05C2F3829A8C98F00E8351F /* CalendarCollectionView.swift */,
				E05C2F3D29A8EAD600E8351F /* MoveButton.swift */,
				E03AB45729B4870700EC0101 /* MonthLabel.swift */,
			);
			path = Views;
			sourceTree = "<group>";
		};
		E05C2F3629A8C92900E8351F /* Controllers */ = {
			isa = PBXGroup;
			children = (
				E05C2F2329A8C74400E8351F /* ViewController.swift */,
			);
			path = Controllers;
			sourceTree = "<group>";
		};
		E05C2F3729A8C94800E8351F /* SupportingFiles */ = {
			isa = PBXGroup;
			children = (
				E05C2F2829A8C74500E8351F /* Assets.xcassets */,
				E05C2F2A29A8C74500E8351F /* LaunchScreen.storyboard */,
				E05C2F2D29A8C74500E8351F /* Info.plist */,
			);
			path = SupportingFiles;
			sourceTree = "<group>";
		};
		E05C2F3A29A8CFC100E8351F /* Cell */ = {
			isa = PBXGroup;
			children = (
				E05C2F3B29A8CFE300E8351F /* CalendarCollectionViewCell.swift */,
			);
			path = Cell;
			sourceTree = "<group>";
		};
/* End PBXGroup section */

/* Begin PBXNativeTarget section */
		E05C2F1B29A8C74400E8351F /* WeekCalendar */ = {
			isa = PBXNativeTarget;
			buildConfigurationList = E05C2F3029A8C74500E8351F /* Build configuration list for PBXNativeTarget "WeekCalendar" */;
			buildPhases = (
				E05C2F1829A8C74400E8351F /* Sources */,
				E05C2F1929A8C74400E8351F /* Frameworks */,
				E05C2F1A29A8C74400E8351F /* Resources */,
			);
			buildRules = (
			);
			dependencies = (
			);
			name = WeekCalendar;
			productName = WeekCalendar;
			productReference = E05C2F1C29A8C74400E8351F /* WeekCalendar.app */;
			productType = "com.apple.product-type.application";
		};
/* End PBXNativeTarget section */

/* Begin PBXProject section */
		E05C2F1429A8C74400E8351F /* Project object */ = {
			isa = PBXProject;
			attributes = {
				BuildIndependentTargetsInParallel = 1;
				LastSwiftUpdateCheck = 1420;
				LastUpgradeCheck = 1420;
				TargetAttributes = {
					E05C2F1B29A8C74400E8351F = {
						CreatedOnToolsVersion = 14.2;
					};
				};
			};
			buildConfigurationList = E05C2F1729A8C74400E8351F /* Build configuration list for PBXProject "WeekCalendar" */;
			compatibilityVersion = "Xcode 14.0";
			developmentRegion = en;
			hasScannedForEncodings = 0;
			knownRegions = (
				en,
				Base,
			);
			mainGroup = E05C2F1329A8C74400E8351F;
			productRefGroup = E05C2F1D29A8C74400E8351F /* Products */;
			projectDirPath = "";
			projectRoot = "";
			targets = (
				E05C2F1B29A8C74400E8351F /* WeekCalendar */,
			);
		};
/* End PBXProject section */

/* Begin PBXResourcesBuildPhase section */
		E05C2F1A29A8C74400E8351F /* Resources */ = {
			isa = PBXResourcesBuildPhase;
			buildActionMask = 2147483647;
			files = (
				E05C2F2C29A8C74500E8351F /* LaunchScreen.storyboard in Resources */,
				E05C2F2929A8C74500E8351F /* Assets.xcassets in Resources */,
			);
			runOnlyForDeploymentPostprocessing = 0;
		};
/* End PBXResourcesBuildPhase section */

/* Begin PBXSourcesBuildPhase section */
		E05C2F1829A8C74400E8351F /* Sources */ = {
			isa = PBXSourcesBuildPhase;
			buildActionMask = 2147483647;
			files = (
				E05C2F3929A8C98F00E8351F /* CalendarCollectionView.swift in Sources */,
				E03AB45D29B48AB800EC0101 /* CalendarModel.swift in Sources */,
				E05C2F2429A8C74400E8351F /* ViewController.swift in Sources */,
				E05C2F3E29A8EAD600E8351F /* MoveButton.swift in Sources */,
				E03AB45829B4870700EC0101 /* MonthLabel.swift in Sources */,
				E03AB45F29B48CA200EC0101 /* DateModel.swift in Sources */,
				E03AB46129B4A30100EC0101 /* StringExtensions.swift in Sources */,
				E05C2F2029A8C74400E8351F /* AppDelegate.swift in Sources */,
				E03AB45B29B489C600EC0101 /* DateExtensions.swift in Sources */,
				E05C2F2229A8C74400E8351F /* SceneDelegate.swift in Sources */,
				E05C2F3C29A8CFE300E8351F /* CalendarCollectionViewCell.swift in Sources */,
			);
			runOnlyForDeploymentPostprocessing = 0;
		};
/* End PBXSourcesBuildPhase section */

/* Begin PBXVariantGroup section */
		E05C2F2A29A8C74500E8351F /* LaunchScreen.storyboard */ = {
			isa = PBXVariantGroup;
			children = (
				E05C2F2B29A8C74500E8351F /* Base */,
			);
			name = LaunchScreen.storyboard;
			sourceTree = "<group>";
		};
/* End PBXVariantGroup section */

/* Begin XCBuildConfiguration section */
		E05C2F2E29A8C74500E8351F /* Debug */ = {
			isa = XCBuildConfiguration;
			buildSettings = {
				ALWAYS_SEARCH_USER_PATHS = NO;
				CLANG_ANALYZER_NONNULL = YES;
				CLANG_ANALYZER_NUMBER_OBJECT_CONVERSION = YES_AGGRESSIVE;
				CLANG_CXX_LANGUAGE_STANDARD = "gnu++20";
				CLANG_ENABLE_MODULES = YES;
				CLANG_ENABLE_OBJC_ARC = YES;
				CLANG_ENABLE_OBJC_WEAK = YES;
				CLANG_WARN_BLOCK_CAPTURE_AUTORELEASING = YES;
				CLANG_WARN_BOOL_CONVERSION = YES;
				CLANG_WARN_COMMA = YES;
				CLANG_WARN_CONSTANT_CONVERSION = YES;
				CLANG_WARN_DEPRECATED_OBJC_IMPLEMENTATIONS = YES;
				CLANG_WARN_DIRECT_OBJC_ISA_USAGE = YES_ERROR;
				CLANG_WARN_DOCUMENTATION_COMMENTS = YES;
				CLANG_WARN_EMPTY_BODY = YES;
				CLANG_WARN_ENUM_CONVERSION = YES;
				CLANG_WARN_INFINITE_RECURSION = YES;
				CLANG_WARN_INT_CONVERSION = YES;
				CLANG_WARN_NON_LITERAL_NULL_CONVERSION = YES;
				CLANG_WARN_OBJC_IMPLICIT_RETAIN_SELF = YES;
				CLANG_WARN_OBJC_LITERAL_CONVERSION = YES;
				CLANG_WARN_OBJC_ROOT_CLASS = YES_ERROR;
				CLANG_WARN_QUOTED_INCLUDE_IN_FRAMEWORK_HEADER = YES;
				CLANG_WARN_RANGE_LOOP_ANALYSIS = YES;
				CLANG_WARN_STRICT_PROTOTYPES = YES;
				CLANG_WARN_SUSPICIOUS_MOVE = YES;
				CLANG_WARN_UNGUARDED_AVAILABILITY = YES_AGGRESSIVE;
				CLANG_WARN_UNREACHABLE_CODE = YES;
				CLANG_WARN__DUPLICATE_METHOD_MATCH = YES;
				COPY_PHASE_STRIP = NO;
				DEBUG_INFORMATION_FORMAT = dwarf;
				ENABLE_STRICT_OBJC_MSGSEND = YES;
				ENABLE_TESTABILITY = YES;
				GCC_C_LANGUAGE_STANDARD = gnu11;
				GCC_DYNAMIC_NO_PIC = NO;
				GCC_NO_COMMON_BLOCKS = YES;
				GCC_OPTIMIZATION_LEVEL = 0;
				GCC_PREPROCESSOR_DEFINITIONS = (
					"DEBUG=1",
					"$(inherited)",
				);
				GCC_WARN_64_TO_32_BIT_CONVERSION = YES;
				GCC_WARN_ABOUT_RETURN_TYPE = YES_ERROR;
				GCC_WARN_UNDECLARED_SELECTOR = YES;
				GCC_WARN_UNINITIALIZED_AUTOS = YES_AGGRESSIVE;
				GCC_WARN_UNUSED_FUNCTION = YES;
				GCC_WARN_UNUSED_VARIABLE = YES;
				IPHONEOS_DEPLOYMENT_TARGET = 16.2;
				MTL_ENABLE_DEBUG_INFO = INCLUDE_SOURCE;
				MTL_FAST_MATH = YES;
				ONLY_ACTIVE_ARCH = YES;
				SDKROOT = iphoneos;
				SWIFT_ACTIVE_COMPILATION_CONDITIONS = DEBUG;
				SWIFT_OPTIMIZATION_LEVEL = "-Onone";
			};
			name = Debug;
		};
		E05C2F2F29A8C74500E8351F /* Release */ = {
			isa = XCBuildConfiguration;
			buildSettings = {
				ALWAYS_SEARCH_USER_PATHS = NO;
				CLANG_ANALYZER_NONNULL = YES;
				CLANG_ANALYZER_NUMBER_OBJECT_CONVERSION = YES_AGGRESSIVE;
				CLANG_CXX_LANGUAGE_STANDARD = "gnu++20";
				CLANG_ENABLE_MODULES = YES;
				CLANG_ENABLE_OBJC_ARC = YES;
				CLANG_ENABLE_OBJC_WEAK = YES;
				CLANG_WARN_BLOCK_CAPTURE_AUTORELEASING = YES;
				CLANG_WARN_BOOL_CONVERSION = YES;
				CLANG_WARN_COMMA = YES;
				CLANG_WARN_CONSTANT_CONVERSION = YES;
				CLANG_WARN_DEPRECATED_OBJC_IMPLEMENTATIONS = YES;
				CLANG_WARN_DIRECT_OBJC_ISA_USAGE = YES_ERROR;
				CLANG_WARN_DOCUMENTATION_COMMENTS = YES;
				CLANG_WARN_EMPTY_BODY = YES;
				CLANG_WARN_ENUM_CONVERSION = YES;
				CLANG_WARN_INFINITE_RECURSION = YES;
				CLANG_WARN_INT_CONVERSION = YES;
				CLANG_WARN_NON_LITERAL_NULL_CONVERSION = YES;
				CLANG_WARN_OBJC_IMPLICIT_RETAIN_SELF = YES;
				CLANG_WARN_OBJC_LITERAL_CONVERSION = YES;
				CLANG_WARN_OBJC_ROOT_CLASS = YES_ERROR;
				CLANG_WARN_QUOTED_INCLUDE_IN_FRAMEWORK_HEADER = YES;
				CLANG_WARN_RANGE_LOOP_ANALYSIS = YES;
				CLANG_WARN_STRICT_PROTOTYPES = YES;
				CLANG_WARN_SUSPICIOUS_MOVE = YES;
				CLANG_WARN_UNGUARDED_AVAILABILITY = YES_AGGRESSIVE;
				CLANG_WARN_UNREACHABLE_CODE = YES;
				CLANG_WARN__DUPLICATE_METHOD_MATCH = YES;
				COPY_PHASE_STRIP = NO;
				DEBUG_INFORMATION_FORMAT = "dwarf-with-dsym";
				ENABLE_NS_ASSERTIONS = NO;
				ENABLE_STRICT_OBJC_MSGSEND = YES;
				GCC_C_LANGUAGE_STANDARD = gnu11;
				GCC_NO_COMMON_BLOCKS = YES;
				GCC_WARN_64_TO_32_BIT_CONVERSION = YES;
				GCC_WARN_ABOUT_RETURN_TYPE = YES_ERROR;
				GCC_WARN_UNDECLARED_SELECTOR = YES;
				GCC_WARN_UNINITIALIZED_AUTOS = YES_AGGRESSIVE;
				GCC_WARN_UNUSED_FUNCTION = YES;
				GCC_WARN_UNUSED_VARIABLE = YES;
				IPHONEOS_DEPLOYMENT_TARGET = 16.2;
				MTL_ENABLE_DEBUG_INFO = NO;
				MTL_FAST_MATH = YES;
				SDKROOT = iphoneos;
				SWIFT_COMPILATION_MODE = wholemodule;
				SWIFT_OPTIMIZATION_LEVEL = "-O";
				VALIDATE_PRODUCT = YES;
			};
			name = Release;
		};
		E05C2F3129A8C74500E8351F /* Debug */ = {
			isa = XCBuildConfiguration;
			buildSettings = {
				ASSETCATALOG_COMPILER_APPICON_NAME = AppIcon;
				ASSETCATALOG_COMPILER_GLOBAL_ACCENT_COLOR_NAME = AccentColor;
				CODE_SIGN_STYLE = Automatic;
				CURRENT_PROJECT_VERSION = 1;
				GENERATE_INFOPLIST_FILE = YES;
				INFOPLIST_FILE = WeekCalendar/SupportingFiles/Info.plist;
				INFOPLIST_KEY_UIApplicationSupportsIndirectInputEvents = YES;
				INFOPLIST_KEY_UILaunchStoryboardName = LaunchScreen;
				INFOPLIST_KEY_UISupportedInterfaceOrientations_iPad = "UIInterfaceOrientationPortrait UIInterfaceOrientationPortraitUpsideDown UIInterfaceOrientationLandscapeLeft UIInterfaceOrientationLandscapeRight";
				INFOPLIST_KEY_UISupportedInterfaceOrientations_iPhone = "UIInterfaceOrientationPortrait UIInterfaceOrientationLandscapeLeft UIInterfaceOrientationLandscapeRight";
				LD_RUNPATH_SEARCH_PATHS = (
					"$(inherited)",
					"@executable_path/Frameworks",
				);
				MARKETING_VERSION = 1.0;
				PRODUCT_BUNDLE_IDENTIFIER = sd.WeekCalendar;
				PRODUCT_NAME = "$(TARGET_NAME)";
				SUPPORTED_PLATFORMS = "iphoneos iphonesimulator";
				SUPPORTS_MACCATALYST = NO;
				SUPPORTS_MAC_DESIGNED_FOR_IPHONE_IPAD = NO;
				SWIFT_EMIT_LOC_STRINGS = YES;
				SWIFT_VERSION = 5.0;
				TARGETED_DEVICE_FAMILY = 1;
			};
			name = Debug;
		};
		E05C2F3229A8C74500E8351F /* Release */ = {
			isa = XCBuildConfiguration;
			buildSettings = {
				ASSETCATALOG_COMPILER_APPICON_NAME = AppIcon;
				ASSETCATALOG_COMPILER_GLOBAL_ACCENT_COLOR_NAME = AccentColor;
				CODE_SIGN_STYLE = Automatic;
				CURRENT_PROJECT_VERSION = 1;
				GENERATE_INFOPLIST_FILE = YES;
				INFOPLIST_FILE = WeekCalendar/SupportingFiles/Info.plist;
				INFOPLIST_KEY_UIApplicationSupportsIndirectInputEvents = YES;
				INFOPLIST_KEY_UILaunchStoryboardName = LaunchScreen;
				INFOPLIST_KEY_UISupportedInterfaceOrientations_iPad = "UIInterfaceOrientationPortrait UIInterfaceOrientationPortraitUpsideDown UIInterfaceOrientationLandscapeLeft UIInterfaceOrientationLandscapeRight";
				INFOPLIST_KEY_UISupportedInterfaceOrientations_iPhone = "UIInterfaceOrientationPortrait UIInterfaceOrientationLandscapeLeft UIInterfaceOrientationLandscapeRight";
				LD_RUNPATH_SEARCH_PATHS = (
					"$(inherited)",
					"@executable_path/Frameworks",
				);
				MARKETING_VERSION = 1.0;
				PRODUCT_BUNDLE_IDENTIFIER = sd.WeekCalendar;
				PRODUCT_NAME = "$(TARGET_NAME)";
				SUPPORTED_PLATFORMS = "iphoneos iphonesimulator";
				SUPPORTS_MACCATALYST = NO;
				SUPPORTS_MAC_DESIGNED_FOR_IPHONE_IPAD = NO;
				SWIFT_EMIT_LOC_STRINGS = YES;
				SWIFT_VERSION = 5.0;
				TARGETED_DEVICE_FAMILY = 1;
			};
			name = Release;
		};
/* End XCBuildConfiguration section */

/* Begin XCConfigurationList section */
		E05C2F1729A8C74400E8351F /* Build configuration list for PBXProject "WeekCalendar" */ = {
			isa = XCConfigurationList;
			buildConfigurations = (
				E05C2F2E29A8C74500E8351F /* Debug */,
				E05C2F2F29A8C74500E8351F /* Release */,
			);
			defaultConfigurationIsVisible = 0;
			defaultConfigurationName = Release;
		};
		E05C2F3029A8C74500E8351F /* Build configuration list for PBXNativeTarget "WeekCalendar" */ = {
			isa = XCConfigurationList;
			buildConfigurations = (
				E05C2F3129A8C74500E8351F /* Debug */,
				E05C2F3229A8C74500E8351F /* Release */,
			);
			defaultConfigurationIsVisible = 0;
			defaultConfigurationName = Release;
		};
/* End XCConfigurationList section */
	};
	rootObject = E05C2F1429A8C74400E8351F /* Project object */;
}
